
Microsoft Visual Studio Solution File, Format Version 12.00
# Visual Studio Version 16
VisualStudioVersion = 16.0.31129.286
MinimumVisualStudioVersion = 10.0.40219.1
Project("{FAE04EC0-301F-11D3-BF4B-00C04F79EFBC}") = "ParameterBindings", "ParameterBindings\ParameterBindings.csproj", "{7D378DFD-69BF-4A91-9CCC-9E8D3462E47E}"
EndProject
Global
	GlobalSection(SolutionConfigurationPlatforms) = preSolution
		Debug|Any CPU = Debug|Any CPU
		Release|Any CPU = Release|Any CPU
	EndGlobalSection
	GlobalSection(ProjectConfigurationPlatforms) = postSolution
		{7D378DFD-69BF-4A91-9CCC-9E8D3462E47E}.Debug|Any CPU.ActiveCfg = Debug|Any CPU
		{7D378DFD-69BF-4A91-9CCC-9E8D3462E47E}.Debug|Any CPU.Build.0 = Debug|Any CPU
		{7D378DFD-69BF-4A91-9CCC-9E8D3462E47E}.Release|Any CPU.ActiveCfg = Release|Any CPU
		{7D378DFD-69BF-4A91-9CCC-9E8D3462E47E}.Release|Any CPU.Build.0 = Release|Any CPU
	EndGlobalSection
	GlobalSection(SolutionProperties) = preSolution
		HideSolutionNode = FALSE
	EndGlobalSection
	GlobalSection(ExtensibilityGlobals) = postSolution
		SolutionGuid = {7E290A6E-1663-481E-AEA9-F0C1D8FF978C}
	EndGlobalSection
EndGlobal
